
Microsoft Visual Studio Solution File, Format Version 11.00
# Visual Studio 2010
Project("{F184B08F-C81C-45F6-A57F-5ABD9991F28F}") = "LeapYear", "LeapYear\LeapYear.vbproj", "{A65AA17B-8F34-4DCF-8D68-EDC342778A8C}"
EndProject
Global
	GlobalSection(SolutionConfigurationPlatforms) = preSolution
		Debug|x86 = Debug|x86
		Release|x86 = Release|x86
	EndGlobalSection
	GlobalSection(ProjectConfigurationPlatforms) = postSolution
		{A65AA17B-8F34-4DCF-8D68-EDC342778A8C}.Debug|x86.ActiveCfg = Debug|x86
		{A65AA17B-8F34-4DCF-8D68-EDC342778A8C}.Debug|x86.Build.0 = Debug|x86
		{A65AA17B-8F34-4DCF-8D68-EDC342778A8C}.Release|x86.ActiveCfg = Release|x86
		{A65AA17B-8F34-4DCF-8D68-EDC342778A8C}.Release|x86.Build.0 = Release|x86
	EndGlobalSection
	GlobalSection(SolutionProperties) = preSolution
		HideSolutionNode = FALSE
	EndGlobalSection
EndGlobal
