
Microsoft Visual Studio Solution File, Format Version 11.00
# Visual Studio 2010
Project("{F184B08F-C81C-45F6-A57F-5ABD9991F28F}") = "Pass_Val_to_Form", "Pass_Val_to_Form\Pass_Val_to_Form.vbproj", "{2EB34334-2DA0-481F-8765-E8FD9AE35984}"
EndProject
Global
	GlobalSection(SolutionConfigurationPlatforms) = preSolution
		Debug|x86 = Debug|x86
		Release|x86 = Release|x86
	EndGlobalSection
	GlobalSection(ProjectConfigurationPlatforms) = postSolution
		{2EB34334-2DA0-481F-8765-E8FD9AE35984}.Debug|x86.ActiveCfg = Debug|x86
		{2EB34334-2DA0-481F-8765-E8FD9AE35984}.Debug|x86.Build.0 = Debug|x86
		{2EB34334-2DA0-481F-8765-E8FD9AE35984}.Release|x86.ActiveCfg = Release|x86
		{2EB34334-2DA0-481F-8765-E8FD9AE35984}.Release|x86.Build.0 = Release|x86
	EndGlobalSection
	GlobalSection(SolutionProperties) = preSolution
		HideSolutionNode = FALSE
	EndGlobalSection
EndGlobal
